
Microsoft Visual Studio Solution File, Format Version 12.00
# Visual Studio Version 16
VisualStudioVersion = 16.0.30804.86
MinimumVisualStudioVersion = 10.0.40219.1
Project("{8BC9CEB8-8B4A-11D0-8D11-00A0C91BC942}") = "Curves", "Curves\Curves.vcxproj", "{7B54C2A5-6D99-45B1-A2ED-203F18332840}"
EndProject
Project("{8BC9CEB8-8B4A-11D0-8D11-00A0C91BC942}") = "Curves.Console", "Curves.Console\Curves.Console.vcxproj", "{10638E9E-C0D5-4AC3-9C64-581A37DE2351}"
EndProject
Global
	GlobalSection(SolutionConfigurationPlatforms) = preSolution
		Debug|x64 = Debug|x64
		Debug|x86 = Debug|x86
		Release|x64 = Release|x64
		Release|x86 = Release|x86
	EndGlobalSection
	GlobalSection(ProjectConfigurationPlatforms) = postSolution
		{7B54C2A5-6D99-45B1-A2ED-203F18332840}.Debug|x64.ActiveCfg = Debug|x64
		{7B54C2A5-6D99-45B1-A2ED-203F18332840}.Debug|x64.Build.0 = Debug|x64
		{7B54C2A5-6D99-45B1-A2ED-203F18332840}.Debug|x86.ActiveCfg = Debug|Win32
		{7B54C2A5-6D99-45B1-A2ED-203F18332840}.Debug|x86.Build.0 = Debug|Win32
		{7B54C2A5-6D99-45B1-A2ED-203F18332840}.Release|x64.ActiveCfg = Release|x64
		{7B54C2A5-6D99-45B1-A2ED-203F18332840}.Release|x64.Build.0 = Release|x64
		{7B54C2A5-6D99-45B1-A2ED-203F18332840}.Release|x86.ActiveCfg = Release|Win32
		{7B54C2A5-6D99-45B1-A2ED-203F18332840}.Release|x86.Build.0 = Release|Win32
		{10638E9E-C0D5-4AC3-9C64-581A37DE2351}.Debug|x64.ActiveCfg = Debug|x64
		{10638E9E-C0D5-4AC3-9C64-581A37DE2351}.Debug|x64.Build.0 = Debug|x64
		{10638E9E-C0D5-4AC3-9C64-581A37DE2351}.Debug|x86.ActiveCfg = Debug|Win32
		{10638E9E-C0D5-4AC3-9C64-581A37DE2351}.Debug|x86.Build.0 = Debug|Win32
		{10638E9E-C0D5-4AC3-9C64-581A37DE2351}.Release|x64.ActiveCfg = Release|x64
		{10638E9E-C0D5-4AC3-9C64-581A37DE2351}.Release|x64.Build.0 = Release|x64
		{10638E9E-C0D5-4AC3-9C64-581A37DE2351}.Release|x86.ActiveCfg = Release|Win32
		{10638E9E-C0D5-4AC3-9C64-581A37DE2351}.Release|x86.Build.0 = Release|Win32
	EndGlobalSection
	GlobalSection(SolutionProperties) = preSolution
		HideSolutionNode = FALSE
	EndGlobalSection
	GlobalSection(ExtensibilityGlobals) = postSolution
		SolutionGuid = {37BBD26E-2D73-4EA0-BA2F-E7DF59D7B84B}
	EndGlobalSection
EndGlobal
